
Microsoft Visual Studio Solution File, Format Version 12.00
# Visual Studio 14
VisualStudioVersion = 14.0.25420.1
MinimumVisualStudioVersion = 10.0.40219.1
Project("{FAE04EC0-301F-11D3-BF4B-00C04F79EFBC}") = "codingame.dont.panic", "codingame.dont.panic\codingame.dont.panic.csproj", "{26E2831B-4CF8-4E6C-96B3-B72EDECAEB61}"
EndProject
Project("{FAE04EC0-301F-11D3-BF4B-00C04F79EFBC}") = "codingame.dont.panic.test", "codingame.dont.panic.test\codingame.dont.panic.test.csproj", "{8CA57335-FA80-473E-B4B3-7F08A8A2D19A}"
EndProject
Project("{FAE04EC0-301F-11D3-BF4B-00C04F79EFBC}") = "codingame.dont.panic.build", "codingame.dont.panic.build\codingame.dont.panic.build.csproj", "{5F579717-D55F-47D6-82C3-9AC1A1D7CDFF}"
EndProject
Project("{FAE04EC0-301F-11D3-BF4B-00C04F79EFBC}") = "codingame.common", "..\..\codingame-common\codingame.common\codingame.common\codingame.common.csproj", "{22152DA3-C08D-40AA-B086-8C48C45BD08C}"
EndProject
Project("{FAE04EC0-301F-11D3-BF4B-00C04F79EFBC}") = "codingame.common.test", "..\..\codingame-common\codingame.common\codingame.common.test\codingame.common.test.csproj", "{939D99AD-6D21-48AF-A150-3DDD1D7EE9FD}"
EndProject
Global
	GlobalSection(SolutionConfigurationPlatforms) = preSolution
		Debug|Any CPU = Debug|Any CPU
		Release|Any CPU = Release|Any CPU
	EndGlobalSection
	GlobalSection(ProjectConfigurationPlatforms) = postSolution
		{26E2831B-4CF8-4E6C-96B3-B72EDECAEB61}.Debug|Any CPU.ActiveCfg = Debug|Any CPU
		{26E2831B-4CF8-4E6C-96B3-B72EDECAEB61}.Debug|Any CPU.Build.0 = Debug|Any CPU
		{26E2831B-4CF8-4E6C-96B3-B72EDECAEB61}.Release|Any CPU.ActiveCfg = Release|Any CPU
		{26E2831B-4CF8-4E6C-96B3-B72EDECAEB61}.Release|Any CPU.Build.0 = Release|Any CPU
		{8CA57335-FA80-473E-B4B3-7F08A8A2D19A}.Debug|Any CPU.ActiveCfg = Debug|Any CPU
		{8CA57335-FA80-473E-B4B3-7F08A8A2D19A}.Debug|Any CPU.Build.0 = Debug|Any CPU
		{8CA57335-FA80-473E-B4B3-7F08A8A2D19A}.Release|Any CPU.ActiveCfg = Release|Any CPU
		{8CA57335-FA80-473E-B4B3-7F08A8A2D19A}.Release|Any CPU.Build.0 = Release|Any CPU
		{5F579717-D55F-47D6-82C3-9AC1A1D7CDFF}.Debug|Any CPU.ActiveCfg = Debug|Any CPU
		{5F579717-D55F-47D6-82C3-9AC1A1D7CDFF}.Debug|Any CPU.Build.0 = Debug|Any CPU
		{5F579717-D55F-47D6-82C3-9AC1A1D7CDFF}.Release|Any CPU.ActiveCfg = Release|Any CPU
		{5F579717-D55F-47D6-82C3-9AC1A1D7CDFF}.Release|Any CPU.Build.0 = Release|Any CPU
		{22152DA3-C08D-40AA-B086-8C48C45BD08C}.Debug|Any CPU.ActiveCfg = Debug|Any CPU
		{22152DA3-C08D-40AA-B086-8C48C45BD08C}.Debug|Any CPU.Build.0 = Debug|Any CPU
		{22152DA3-C08D-40AA-B086-8C48C45BD08C}.Release|Any CPU.ActiveCfg = Release|Any CPU
		{22152DA3-C08D-40AA-B086-8C48C45BD08C}.Release|Any CPU.Build.0 = Release|Any CPU
		{939D99AD-6D21-48AF-A150-3DDD1D7EE9FD}.Debug|Any CPU.ActiveCfg = Debug|Any CPU
		{939D99AD-6D21-48AF-A150-3DDD1D7EE9FD}.Debug|Any CPU.Build.0 = Debug|Any CPU
		{939D99AD-6D21-48AF-A150-3DDD1D7EE9FD}.Release|Any CPU.ActiveCfg = Release|Any CPU
		{939D99AD-6D21-48AF-A150-3DDD1D7EE9FD}.Release|Any CPU.Build.0 = Release|Any CPU
	EndGlobalSection
	GlobalSection(SolutionProperties) = preSolution
		HideSolutionNode = FALSE
	EndGlobalSection
EndGlobal
